
Microsoft Visual Studio Solution File, Format Version 12.00
# Visual Studio Version 17
VisualStudioVersion = 17.6.33829.357
MinimumVisualStudioVersion = 10.0.40219.1
Project("{FAE04EC0-301F-11D3-BF4B-00C04F79EFBC}") = "BankAppTask", "BankAppTask.csproj", "{A34BC70A-A4EC-4FB3-8040-CAEC8C00CC0A}"
EndProject
Project("{FAE04EC0-301F-11D3-BF4B-00C04F79EFBC}") = "BankAppTask.Model", "..\BankAppTask.Model\BankAppTask.Model.csproj", "{76EC6983-3406-4700-ADC4-D93E87489B39}"
EndProject
Project("{FAE04EC0-301F-11D3-BF4B-00C04F79EFBC}") = "BankAppTask.Services", "..\BankAppTask.Services\BankAppTask.Services.csproj", "{836055F7-D071-484A-A51B-C6695671815A}"
EndProject
Project("{FAE04EC0-301F-11D3-BF4B-00C04F79EFBC}") = "BankAppTask.Tools", "..\BankAppTask.Tools\BankAppTask.Tools.csproj", "{653049DF-2A8D-4B4A-8D79-F37F0515001C}"
EndProject
Project("{9A19103F-16F7-4668-BE54-9A1E7A4F7556}") = "ValidationTest", "..\ValidationTest\ValidationTest.csproj", "{D6F4F960-7B0D-4530-9053-CF1C2ECF729E}"
EndProject
Project("{9A19103F-16F7-4668-BE54-9A1E7A4F7556}") = "TransactionsTest", "..\TransactionsTest\TransactionsTest.csproj", "{E480B455-B2CD-4D92-B687-04E13791580B}"
EndProject
Project("{FAE04EC0-301F-11D3-BF4B-00C04F79EFBC}") = "LoginTest", "..\LoginTest\LoginTest.csproj", "{EFC65AE1-A176-442E-A8A3-4EAF0F904400}"
EndProject
Global
	GlobalSection(SolutionConfigurationPlatforms) = preSolution
		Debug|Any CPU = Debug|Any CPU
		Release|Any CPU = Release|Any CPU
	EndGlobalSection
	GlobalSection(ProjectConfigurationPlatforms) = postSolution
		{A34BC70A-A4EC-4FB3-8040-CAEC8C00CC0A}.Debug|Any CPU.ActiveCfg = Debug|Any CPU
		{A34BC70A-A4EC-4FB3-8040-CAEC8C00CC0A}.Debug|Any CPU.Build.0 = Debug|Any CPU
		{A34BC70A-A4EC-4FB3-8040-CAEC8C00CC0A}.Release|Any CPU.ActiveCfg = Release|Any CPU
		{A34BC70A-A4EC-4FB3-8040-CAEC8C00CC0A}.Release|Any CPU.Build.0 = Release|Any CPU
		{76EC6983-3406-4700-ADC4-D93E87489B39}.Debug|Any CPU.ActiveCfg = Debug|Any CPU
		{76EC6983-3406-4700-ADC4-D93E87489B39}.Debug|Any CPU.Build.0 = Debug|Any CPU
		{76EC6983-3406-4700-ADC4-D93E87489B39}.Release|Any CPU.ActiveCfg = Release|Any CPU
		{76EC6983-3406-4700-ADC4-D93E87489B39}.Release|Any CPU.Build.0 = Release|Any CPU
		{836055F7-D071-484A-A51B-C6695671815A}.Debug|Any CPU.ActiveCfg = Debug|Any CPU
		{836055F7-D071-484A-A51B-C6695671815A}.Debug|Any CPU.Build.0 = Debug|Any CPU
		{836055F7-D071-484A-A51B-C6695671815A}.Release|Any CPU.ActiveCfg = Release|Any CPU
		{836055F7-D071-484A-A51B-C6695671815A}.Release|Any CPU.Build.0 = Release|Any CPU
		{653049DF-2A8D-4B4A-8D79-F37F0515001C}.Debug|Any CPU.ActiveCfg = Debug|Any CPU
		{653049DF-2A8D-4B4A-8D79-F37F0515001C}.Debug|Any CPU.Build.0 = Debug|Any CPU
		{653049DF-2A8D-4B4A-8D79-F37F0515001C}.Release|Any CPU.ActiveCfg = Release|Any CPU
		{653049DF-2A8D-4B4A-8D79-F37F0515001C}.Release|Any CPU.Build.0 = Release|Any CPU
		{D6F4F960-7B0D-4530-9053-CF1C2ECF729E}.Debug|Any CPU.ActiveCfg = Debug|Any CPU
		{D6F4F960-7B0D-4530-9053-CF1C2ECF729E}.Debug|Any CPU.Build.0 = Debug|Any CPU
		{D6F4F960-7B0D-4530-9053-CF1C2ECF729E}.Release|Any CPU.ActiveCfg = Release|Any CPU
		{D6F4F960-7B0D-4530-9053-CF1C2ECF729E}.Release|Any CPU.Build.0 = Release|Any CPU
		{E480B455-B2CD-4D92-B687-04E13791580B}.Debug|Any CPU.ActiveCfg = Debug|Any CPU
		{E480B455-B2CD-4D92-B687-04E13791580B}.Debug|Any CPU.Build.0 = Debug|Any CPU
		{E480B455-B2CD-4D92-B687-04E13791580B}.Release|Any CPU.ActiveCfg = Release|Any CPU
		{E480B455-B2CD-4D92-B687-04E13791580B}.Release|Any CPU.Build.0 = Release|Any CPU
		{EFC65AE1-A176-442E-A8A3-4EAF0F904400}.Debug|Any CPU.ActiveCfg = Debug|Any CPU
		{EFC65AE1-A176-442E-A8A3-4EAF0F904400}.Debug|Any CPU.Build.0 = Debug|Any CPU
		{EFC65AE1-A176-442E-A8A3-4EAF0F904400}.Release|Any CPU.ActiveCfg = Release|Any CPU
		{EFC65AE1-A176-442E-A8A3-4EAF0F904400}.Release|Any CPU.Build.0 = Release|Any CPU
	EndGlobalSection
	GlobalSection(SolutionProperties) = preSolution
		HideSolutionNode = FALSE
	EndGlobalSection
	GlobalSection(ExtensibilityGlobals) = postSolution
		SolutionGuid = {4E08B3BA-B5AB-406E-A667-5DA0EC2810AF}
	EndGlobalSection
EndGlobal
